
Microsoft Visual Studio Solution File, Format Version 12.00
# Visual Studio Version 17
VisualStudioVersion = 17.7.34024.191
MinimumVisualStudioVersion = 10.0.40219.1
Project("{FAE04EC0-301F-11D3-BF4B-00C04F79EFBC}") = "library07", "library07.csproj", "{BC57CCEF-B327-4485-9D3C-108C3961712E}"
EndProject
Project("{FAE04EC0-301F-11D3-BF4B-00C04F79EFBC}") = "lab07", "..\lab07\lab07.csproj", "{7FAB4672-5674-401C-BD7E-3CA1B1376DA9}"
EndProject
Global
	GlobalSection(SolutionConfigurationPlatforms) = preSolution
		Debug|Any CPU = Debug|Any CPU
		Release|Any CPU = Release|Any CPU
	EndGlobalSection
	GlobalSection(ProjectConfigurationPlatforms) = postSolution
		{BC57CCEF-B327-4485-9D3C-108C3961712E}.Debug|Any CPU.ActiveCfg = Debug|Any CPU
		{BC57CCEF-B327-4485-9D3C-108C3961712E}.Debug|Any CPU.Build.0 = Debug|Any CPU
		{BC57CCEF-B327-4485-9D3C-108C3961712E}.Release|Any CPU.ActiveCfg = Release|Any CPU
		{BC57CCEF-B327-4485-9D3C-108C3961712E}.Release|Any CPU.Build.0 = Release|Any CPU
		{7FAB4672-5674-401C-BD7E-3CA1B1376DA9}.Debug|Any CPU.ActiveCfg = Debug|Any CPU
		{7FAB4672-5674-401C-BD7E-3CA1B1376DA9}.Debug|Any CPU.Build.0 = Debug|Any CPU
		{7FAB4672-5674-401C-BD7E-3CA1B1376DA9}.Release|Any CPU.ActiveCfg = Release|Any CPU
		{7FAB4672-5674-401C-BD7E-3CA1B1376DA9}.Release|Any CPU.Build.0 = Release|Any CPU
	EndGlobalSection
	GlobalSection(SolutionProperties) = preSolution
		HideSolutionNode = FALSE
	EndGlobalSection
	GlobalSection(ExtensibilityGlobals) = postSolution
		SolutionGuid = {0DF8623A-E5C3-40EC-968C-44BCA53D7115}
	EndGlobalSection
EndGlobal
